{
  "name": "tools",
  "version": "1.0.0",
  "lockfileVersion": 1,
  "requires": true,
  "dependencies": {
    "camelcase": {
      "version": "2.1.1",
      "resolved": "https://registry.npmjs.org/camelcase/-/camelcase-2.1.1.tgz",
      "integrity": "sha1-fB0W1nmhu+WcoCys7PsBHiAfWh8="
    },
    "camelcase-keys-deep": {
      "version": "0.1.0",
      "resolved": "https://registry.npmjs.org/camelcase-keys-deep/-/camelcase-keys-deep-0.1.0.tgz",
      "integrity": "sha1-Lg3WFznJnwaO/Y3mBqYp7YCLu6M=",
      "requires": {
        "camelcase": "^2.1.1",
        "map-obj": "^1.0.1"
      }
    },
    "map-obj": {
      "version": "1.0.1",
      "resolved": "https://registry.npmjs.org/map-obj/-/map-obj-1.0.1.tgz",
      "integrity": "sha1-2TPOuSBdgr3PSIb2dCvcK03qFG0="
    }
  }
}
